
Microsoft Visual Studio Solution File, Format Version 12.00
# Visual Studio 15
VisualStudioVersion = 15.0.27130.2003
MinimumVisualStudioVersion = 10.0.40219.1
Project("{9A19103F-16F7-4668-BE54-9A1E7A4F7556}") = "_01.Strategy", "_01.Strategy\_01.Strategy.csproj", "{37EB88D7-301C-41CA-98B0-21D79A4C48CF}"
EndProject
Project("{9A19103F-16F7-4668-BE54-9A1E7A4F7556}") = "_02.Observer", "_02.Observer\_02.Observer.csproj", "{C2E2EB20-B038-44F3-B2BA-5F798AE0FD3B}"
EndProject
Project("{9A19103F-16F7-4668-BE54-9A1E7A4F7556}") = "_03.Decorator", "_03.Decorator\_03.Decorator.csproj", "{C5129822-E2FB-408A-A7E3-AA16383CD611}"
EndProject
Project("{9A19103F-16F7-4668-BE54-9A1E7A4F7556}") = "_04.Factory", "_04.Factory\_04.Factory.csproj", "{55BB3D27-0EE8-4A20-90B6-7EB92F51B9D7}"
EndProject
Project("{9A19103F-16F7-4668-BE54-9A1E7A4F7556}") = "_05.Singleton", "_05.Singleton\_05.Singleton.csproj", "{E02C8839-61B2-4B57-A31D-CC07D9C31D0B}"
EndProject
Project("{9A19103F-16F7-4668-BE54-9A1E7A4F7556}") = "_06.Command", "_06.Command\_06.Command.csproj", "{AF8A5C33-3734-47DA-BE96-D8A365C50B0C}"
EndProject
Project("{9A19103F-16F7-4668-BE54-9A1E7A4F7556}") = "_07.Adapter", "_07.Adapter\_07.Adapter.csproj", "{98BC0BEA-6BC4-477A-9A52-6D4300658C07}"
EndProject
Project("{9A19103F-16F7-4668-BE54-9A1E7A4F7556}") = "_07.Facade", "_07.Facade\_07.Facade.csproj", "{5A0576FF-5E67-4C93-A3A0-95081B855EA4}"
EndProject
Project("{9A19103F-16F7-4668-BE54-9A1E7A4F7556}") = "_08.TemplateMethod", "_08.TemplateMethod\_08.TemplateMethod.csproj", "{1C300604-EFC6-43FC-ADCF-F2A20712BDE5}"
EndProject
Project("{9A19103F-16F7-4668-BE54-9A1E7A4F7556}") = "_09.Iterator", "_09.Iterator\_09.Iterator.csproj", "{4C5E773B-A94E-41EB-9A32-CF4A5B74368F}"
EndProject
Project("{9A19103F-16F7-4668-BE54-9A1E7A4F7556}") = "_09.Composite", "_09.Composite\_09.Composite.csproj", "{C0D56B30-B7C4-4BA4-940E-3993E6A074DC}"
EndProject
Global
	GlobalSection(SolutionConfigurationPlatforms) = preSolution
		Debug|Any CPU = Debug|Any CPU
		Release|Any CPU = Release|Any CPU
	EndGlobalSection
	GlobalSection(ProjectConfigurationPlatforms) = postSolution
		{37EB88D7-301C-41CA-98B0-21D79A4C48CF}.Debug|Any CPU.ActiveCfg = Debug|Any CPU
		{37EB88D7-301C-41CA-98B0-21D79A4C48CF}.Debug|Any CPU.Build.0 = Debug|Any CPU
		{37EB88D7-301C-41CA-98B0-21D79A4C48CF}.Release|Any CPU.ActiveCfg = Release|Any CPU
		{37EB88D7-301C-41CA-98B0-21D79A4C48CF}.Release|Any CPU.Build.0 = Release|Any CPU
		{C2E2EB20-B038-44F3-B2BA-5F798AE0FD3B}.Debug|Any CPU.ActiveCfg = Debug|Any CPU
		{C2E2EB20-B038-44F3-B2BA-5F798AE0FD3B}.Debug|Any CPU.Build.0 = Debug|Any CPU
		{C2E2EB20-B038-44F3-B2BA-5F798AE0FD3B}.Release|Any CPU.ActiveCfg = Release|Any CPU
		{C2E2EB20-B038-44F3-B2BA-5F798AE0FD3B}.Release|Any CPU.Build.0 = Release|Any CPU
		{C5129822-E2FB-408A-A7E3-AA16383CD611}.Debug|Any CPU.ActiveCfg = Debug|Any CPU
		{C5129822-E2FB-408A-A7E3-AA16383CD611}.Debug|Any CPU.Build.0 = Debug|Any CPU
		{C5129822-E2FB-408A-A7E3-AA16383CD611}.Release|Any CPU.ActiveCfg = Release|Any CPU
		{C5129822-E2FB-408A-A7E3-AA16383CD611}.Release|Any CPU.Build.0 = Release|Any CPU
		{55BB3D27-0EE8-4A20-90B6-7EB92F51B9D7}.Debug|Any CPU.ActiveCfg = Debug|Any CPU
		{55BB3D27-0EE8-4A20-90B6-7EB92F51B9D7}.Debug|Any CPU.Build.0 = Debug|Any CPU
		{55BB3D27-0EE8-4A20-90B6-7EB92F51B9D7}.Release|Any CPU.ActiveCfg = Release|Any CPU
		{55BB3D27-0EE8-4A20-90B6-7EB92F51B9D7}.Release|Any CPU.Build.0 = Release|Any CPU
		{E02C8839-61B2-4B57-A31D-CC07D9C31D0B}.Debug|Any CPU.ActiveCfg = Debug|Any CPU
		{E02C8839-61B2-4B57-A31D-CC07D9C31D0B}.Debug|Any CPU.Build.0 = Debug|Any CPU
		{E02C8839-61B2-4B57-A31D-CC07D9C31D0B}.Release|Any CPU.ActiveCfg = Release|Any CPU
		{E02C8839-61B2-4B57-A31D-CC07D9C31D0B}.Release|Any CPU.Build.0 = Release|Any CPU
		{AF8A5C33-3734-47DA-BE96-D8A365C50B0C}.Debug|Any CPU.ActiveCfg = Debug|Any CPU
		{AF8A5C33-3734-47DA-BE96-D8A365C50B0C}.Debug|Any CPU.Build.0 = Debug|Any CPU
		{AF8A5C33-3734-47DA-BE96-D8A365C50B0C}.Release|Any CPU.ActiveCfg = Release|Any CPU
		{AF8A5C33-3734-47DA-BE96-D8A365C50B0C}.Release|Any CPU.Build.0 = Release|Any CPU
		{98BC0BEA-6BC4-477A-9A52-6D4300658C07}.Debug|Any CPU.ActiveCfg = Debug|Any CPU
		{98BC0BEA-6BC4-477A-9A52-6D4300658C07}.Debug|Any CPU.Build.0 = Debug|Any CPU
		{98BC0BEA-6BC4-477A-9A52-6D4300658C07}.Release|Any CPU.ActiveCfg = Release|Any CPU
		{98BC0BEA-6BC4-477A-9A52-6D4300658C07}.Release|Any CPU.Build.0 = Release|Any CPU
		{5A0576FF-5E67-4C93-A3A0-95081B855EA4}.Debug|Any CPU.ActiveCfg = Debug|Any CPU
		{5A0576FF-5E67-4C93-A3A0-95081B855EA4}.Debug|Any CPU.Build.0 = Debug|Any CPU
		{5A0576FF-5E67-4C93-A3A0-95081B855EA4}.Release|Any CPU.ActiveCfg = Release|Any CPU
		{5A0576FF-5E67-4C93-A3A0-95081B855EA4}.Release|Any CPU.Build.0 = Release|Any CPU
		{1C300604-EFC6-43FC-ADCF-F2A20712BDE5}.Debug|Any CPU.ActiveCfg = Debug|Any CPU
		{1C300604-EFC6-43FC-ADCF-F2A20712BDE5}.Debug|Any CPU.Build.0 = Debug|Any CPU
		{1C300604-EFC6-43FC-ADCF-F2A20712BDE5}.Release|Any CPU.ActiveCfg = Release|Any CPU
		{1C300604-EFC6-43FC-ADCF-F2A20712BDE5}.Release|Any CPU.Build.0 = Release|Any CPU
		{4C5E773B-A94E-41EB-9A32-CF4A5B74368F}.Debug|Any CPU.ActiveCfg = Debug|Any CPU
		{4C5E773B-A94E-41EB-9A32-CF4A5B74368F}.Debug|Any CPU.Build.0 = Debug|Any CPU
		{4C5E773B-A94E-41EB-9A32-CF4A5B74368F}.Release|Any CPU.ActiveCfg = Release|Any CPU
		{4C5E773B-A94E-41EB-9A32-CF4A5B74368F}.Release|Any CPU.Build.0 = Release|Any CPU
		{C0D56B30-B7C4-4BA4-940E-3993E6A074DC}.Debug|Any CPU.ActiveCfg = Debug|Any CPU
		{C0D56B30-B7C4-4BA4-940E-3993E6A074DC}.Debug|Any CPU.Build.0 = Debug|Any CPU
		{C0D56B30-B7C4-4BA4-940E-3993E6A074DC}.Release|Any CPU.ActiveCfg = Release|Any CPU
		{C0D56B30-B7C4-4BA4-940E-3993E6A074DC}.Release|Any CPU.Build.0 = Release|Any CPU
	EndGlobalSection
	GlobalSection(SolutionProperties) = preSolution
		HideSolutionNode = FALSE
	EndGlobalSection
	GlobalSection(ExtensibilityGlobals) = postSolution
		SolutionGuid = {0CE06B24-F625-4084-827B-0CA548A867D7}
	EndGlobalSection
EndGlobal
